Microsoft Visual Studio Solution File, Format Version 11.00
# Visual Studio 2008

Project("{07124FE9-B692-353D-F6E6-DB04AA1C5646}") = "FlyingRedCube", "Assembly-CSharp.csproj", "{4A6885B7-F2E1-C2F1-8B42-EC55BDDB54AC}"
EndProject
Global
	GlobalSection(SolutionConfigurationPlatforms) = preSolution
		Debug|Any CPU = Debug|Any CPU
		Release|Any CPU = Release|Any CPU
	EndGlobalSection
	GlobalSection(ProjectConfigurationPlatforms) = postSolution
		{4A6885B7-F2E1-C2F1-8B42-EC55BDDB54AC}.Debug|Any CPU.ActiveCfg = Debug|Any CPU
		{4A6885B7-F2E1-C2F1-8B42-EC55BDDB54AC}.Debug|Any CPU.Build.0 = Debug|Any CPU
		{4A6885B7-F2E1-C2F1-8B42-EC55BDDB54AC}.Release|Any CPU.ActiveCfg = Release|Any CPU
		{4A6885B7-F2E1-C2F1-8B42-EC55BDDB54AC}.Release|Any CPU.Build.0 = Release|Any CPU
	EndGlobalSection
	GlobalSection(SolutionProperties) = preSolution
		HideSolutionNode = FALSE
	EndGlobalSection
																																																																																																																																																																																																																																																																																																																																													GlobalSection(MonoDevelopProperties) = preSolution
=======
																																																																																																																																																																																																																																																																																																																																									GlobalSection(MonoDevelopProperties) = preSolution
>>>>>>> 163235b70fda77bc14a8eafef52731b38effdd2d
=======
																																																																																																																																																																																																																																																																																																																GlobalSection(MonoDevelopProperties) = preSolution
=======
																																																																																																																																																																																																																																																																																																																										GlobalSection(MonoDevelopProperties) = preSolution
>>>>>>> 2607ed234694be6516852bfa6f84ecfb2d54d4e0
>>>>>>> 7d9c788a49c5d02ed07d2b761880d581f0b3268c
=======
																																																																																																																																																																																																																																																																																				GlobalSection(MonoDevelopProperties) = preSolution
=======
																																																																																																																																																																																																																																																																											GlobalSection(MonoDevelopProperties) = preSolution
>>>>>>> 64302d40ea262fd8733d43d09eedc3bd167c6c9b
=======
																																																																																																																																																																																																																																																																											GlobalSection(MonoDevelopProperties) = preSolution
=======
																																																																																																																																																																																																																																																																													GlobalSection(MonoDevelopProperties) = preSolution
>>>>>>> 250440823da289d9e4dff98a89328c5c88c12d6d
=======
																																																																																																																																																																																																																																																																											GlobalSection(MonoDevelopProperties) = preSolution
>>>>>>> 3b40a6c25fab925cce9b7f8f001f03cb2bc5cf6d
>>>>>>> f9a0a534fdec3f2f1b34889c22c75d543d9c5868
=======
																																																																																																																																																																																																																																																																								GlobalSection(MonoDevelopProperties) = preSolution
>>>>>>> origin/master
=======
																																																																																																																																																																																																													GlobalSection(MonoDevelopProperties) = preSolution
>>>>>>> e19ce498fe10020ce89054a7e3d45b5f309dbfc5
		StartupItem = Assembly-CSharp.csproj
		Policies = $0
		$0.TextStylePolicy = $1
		$1.inheritsSet = null
		$1.scope = text/x-csharp
		$0.CSharpFormattingPolicy = $2
		$2.inheritsSet = Mono
		$2.inheritsScope = text/x-csharp
		$2.scope = text/x-csharp
		$0.TextStylePolicy = $3
		$3.FileWidth = 120
		$3.TabWidth = 4
		$3.EolMarker = Unix
		$3.inheritsSet = Mono
		$3.inheritsScope = text/plain
		$3.scope = text/plain
	EndGlobalSection

EndGlobal
